// !$*UTF8*$!
{
	archiveVersion = 1;
	classes = {
	};
	objectVersion = 46;
	objects = {

/* Begin PBXBuildFile section */
		5AEAFC891EE1C4AA003C2E45 /* RCTAlipayAPI.m in Sources */ = {isa = PBXBuildFile; fileRef = A2506B131EE14D2C004B42BA /* RCTAlipayAPI.m */; };
		5AEAFC8A1EE1C4AF003C2E45 /* RCTAlipayAPI.h in CopyFiles */ = {isa = PBXBuildFile; fileRef = A2506B121EE14D2C004B42BA /* RCTAlipayAPI.h */; };
/* End PBXBuildFile section */

/* Begin PBXCopyFilesBuildPhase section */
		5AADAF581EE191A200221FAE /* CopyFiles */ = {
			isa = PBXCopyFilesBuildPhase;
			buildActionMask = 2147483647;
			dstPath = "include/$(PRODUCT_NAME)";
			dstSubfolderSpec = 16;
			files = (
				5AEAFC8A1EE1C4AF003C2E45 /* RCTAlipayAPI.h in CopyFiles */,
			);
			runOnlyForDeploymentPostprocessing = 0;
		};
/* End PBXCopyFilesBuildPhase section */

/* Begin PBXFileReference section */
		5AADAF5A1EE191A200221FAE /* libRCTAlipayAPI.a */ = {isa = PBXFileReference; explicitFileType = archive.ar; includeInIndex = 0; path = libRCTAlipayAPI.a; sourceTree = BUILT_PRODUCTS_DIR; };
		A2506B121EE14D2C004B42BA /* RCTAlipayAPI.h */ = {isa = PBXFileReference; lastKnownFileType = sourcecode.c.h; path = RCTAlipayAPI.h; sourceTree = "<group>"; };
		A2506B131EE14D2C004B42BA /* RCTAlipayAPI.m */ = {isa = PBXFileReference; lastKnownFileType = sourcecode.c.objc; path = RCTAlipayAPI.m; sourceTree = "<group>"; };
/* End PBXFileReference section */

/* Begin PBXFrameworksBuildPhase section */
		5AADAF571EE191A200221FAE /* Frameworks */ = {
			isa = PBXFrameworksBuildPhase;
			buildActionMask = 2147483647;
			files = (
			);
			runOnlyForDeploymentPostprocessing = 0;
		};
/* End PBXFrameworksBuildPhase section */

/* Begin PBXGroup section */
		A2506B061EE14D2C004B42BA = {
			isa = PBXGroup;
			children = (
				A2506B111EE14D2C004B42BA /* RCTAlipayAPI */,
				A2506B101EE14D2C004B42BA /* Products */,
			);
			sourceTree = "<group>";
		};
		A2506B101EE14D2C004B42BA /* Products */ = {
			isa = PBXGroup;
			children = (
				5AADAF5A1EE191A200221FAE /* libRCTAlipayAPI.a */,
			);
			name = Products;
			sourceTree = "<group>";
		};
		A2506B111EE14D2C004B42BA /* RCTAlipayAPI */ = {
			isa = PBXGroup;
			children = (
				A2506B121EE14D2C004B42BA /* RCTAlipayAPI.h */,
				A2506B131EE14D2C004B42BA /* RCTAlipayAPI.m */,
			);
			path = RCTAlipayAPI;
			sourceTree = "<group>";
		};
/* End PBXGroup section */

/* Begin PBXNativeTarget section */
		5AADAF591EE191A200221FAE /* RCTAlipayAPI */ = {
			isa = PBXNativeTarget;
			buildConfigurationList = 5AADAF601EE191A200221FAE /* Build configuration list for PBXNativeTarget "RCTAlipayAPI" */;
			buildPhases = (
				5AADAF561EE191A200221FAE /* Sources */,
				5AADAF571EE191A200221FAE /* Frameworks */,
				5AADAF581EE191A200221FAE /* CopyFiles */,
			);
			buildRules = (
			);
			dependencies = (
			);
			name = RCTAlipayAPI;
			productName = RCTAlipayAPI;
			productReference = 5AADAF5A1EE191A200221FAE /* libRCTAlipayAPI.a */;
			productType = "com.apple.product-type.library.static";
		};
/* End PBXNativeTarget section */

/* Begin PBXProject section */
		A2506B071EE14D2C004B42BA /* Project object */ = {
			isa = PBXProject;
			attributes = {
				LastUpgradeCheck = 0830;
				ORGANIZATIONNAME = "Holly Liu";
				TargetAttributes = {
					5AADAF591EE191A200221FAE = {
						CreatedOnToolsVersion = 8.3.2;
						DevelopmentTeam = GNNW68E44D;
						ProvisioningStyle = Automatic;
					};
				};
			};
			buildConfigurationList = A2506B0A1EE14D2C004B42BA /* Build configuration list for PBXProject "RCTAlipayAPI" */;
			compatibilityVersion = "Xcode 3.2";
			developmentRegion = English;
			hasScannedForEncodings = 0;
			knownRegions = (
				en,
			);
			mainGroup = A2506B061EE14D2C004B42BA;
			productRefGroup = A2506B101EE14D2C004B42BA /* Products */;
			projectDirPath = "";
			projectRoot = "";
			targets = (
				5AADAF591EE191A200221FAE /* RCTAlipayAPI */,
			);
		};
/* End PBXProject section */

/* Begin PBXSourcesBuildPhase section */
		5AADAF561EE191A200221FAE /* Sources */ = {
			isa = PBXSourcesBuildPhase;
			buildActionMask = 2147483647;
			files = (
				5AEAFC891EE1C4AA003C2E45 /* RCTAlipayAPI.m in Sources */,
			);
			runOnlyForDeploymentPostprocessing = 0;
		};
/* End PBXSourcesBuildPhase section */

/* Begin XCBuildConfiguration section */
		5AADAF611EE191A200221FAE /* Debug */ = {
			isa = XCBuildConfiguration;
			buildSettings = {
				DEVELOPMENT_TEAM = GNNW68E44D;
				FRAMEWORK_SEARCH_PATHS = (
					"$(PROJECT_DIR)/RCTAlipayAPI/**",
					"$(inherited)/**",
				);
				HEADER_SEARCH_PATHS = (
					"$(PROJECT_DIR)/RCTAlipayAPI",
					"$(SRCROOT)/../../../react-native/React/**",
					/Applications/Xcode.app/Contents/Developer/Toolchains/XcodeDefault.xctoolchain/usr/include,
				);
				LIBRARY_SEARCH_PATHS = (
					"$(inherited)",
					"$(SRCROOT)",
					"$(PROJECT_DIR)",
				);
				OTHER_LDFLAGS = "-ObjC";
				PRODUCT_NAME = "$(TARGET_NAME)";
				SDKROOT = iphoneos10.3;
				SKIP_INSTALL = YES;
			};
			name = Debug;
		};
		5AADAF621EE191A200221FAE /* Release */ = {
			isa = XCBuildConfiguration;
			buildSettings = {
				DEVELOPMENT_TEAM = GNNW68E44D;
				FRAMEWORK_SEARCH_PATHS = (
					"$(PROJECT_DIR)/RCTAlipayAPI/**",
					"$(inherited)/**",
				);
				HEADER_SEARCH_PATHS = (
					"$(PROJECT_DIR)/RCTAlipayAPI",
					"$(SRCROOT)/../../../react-native/React/**",
					/Applications/Xcode.app/Contents/Developer/Toolchains/XcodeDefault.xctoolchain/usr/include,
				);
				LIBRARY_SEARCH_PATHS = (
					"$(inherited)",
					"$(SRCROOT)",
					"$(PROJECT_DIR)",
				);
				OTHER_LDFLAGS = "-ObjC";
				PRODUCT_NAME = "$(TARGET_NAME)";
				SDKROOT = iphoneos10.3;
				SKIP_INSTALL = YES;
			};
			name = Release;
		};
		A2506B161EE14D2C004B42BA /* Debug */ = {
			isa = XCBuildConfiguration;
			buildSettings = {
				ALWAYS_SEARCH_USER_PATHS = NO;
				CLANG_ANALYZER_NONNULL = YES;
				CLANG_ANALYZER_NUMBER_OBJECT_CONVERSION = YES_AGGRESSIVE;
				CLANG_CXX_LANGUAGE_STANDARD = "gnu++0x";
				CLANG_CXX_LIBRARY = "libc++";
				CLANG_ENABLE_MODULES = YES;
				CLANG_ENABLE_OBJC_ARC = YES;
				CLANG_WARN_BOOL_CONVERSION = YES;
				CLANG_WARN_CONSTANT_CONVERSION = YES;
				CLANG_WARN_DIRECT_OBJC_ISA_USAGE = YES_ERROR;
				CLANG_WARN_DOCUMENTATION_COMMENTS = YES;
				CLANG_WARN_EMPTY_BODY = YES;
				CLANG_WARN_ENUM_CONVERSION = YES;
				CLANG_WARN_INFINITE_RECURSION = YES;
				CLANG_WARN_INT_CONVERSION = YES;
				CLANG_WARN_OBJC_ROOT_CLASS = YES_ERROR;
				CLANG_WARN_SUSPICIOUS_MOVE = YES;
				CLANG_WARN_UNREACHABLE_CODE = YES;
				CLANG_WARN__DUPLICATE_METHOD_MATCH = YES;
				"CODE_SIGN_IDENTITY[sdk=iphoneos*]" = "iPhone Developer";
				COPY_PHASE_STRIP = NO;
				DEBUG_INFORMATION_FORMAT = dwarf;
				ENABLE_STRICT_OBJC_MSGSEND = YES;
				ENABLE_TESTABILITY = YES;
				GCC_C_LANGUAGE_STANDARD = gnu99;
				GCC_DYNAMIC_NO_PIC = NO;
				GCC_NO_COMMON_BLOCKS = YES;
				GCC_OPTIMIZATION_LEVEL = 0;
				GCC_PREPROCESSOR_DEFINITIONS = (
					"DEBUG=1",
					"$(inherited)",
				);
				GCC_WARN_64_TO_32_BIT_CONVERSION = YES;
				GCC_WARN_ABOUT_RETURN_TYPE = YES_ERROR;
				GCC_WARN_UNDECLARED_SELECTOR = YES;
				GCC_WARN_UNINITIALIZED_AUTOS = YES_AGGRESSIVE;
				GCC_WARN_UNUSED_FUNCTION = YES;
				GCC_WARN_UNUSED_VARIABLE = YES;
				IPHONEOS_DEPLOYMENT_TARGET = 10.3;
				MTL_ENABLE_DEBUG_INFO = YES;
				ONLY_ACTIVE_ARCH = YES;
				SDKROOT = iphoneos10.3;
			};
			name = Debug;
		};
		A2506B171EE14D2C004B42BA /* Release */ = {
			isa = XCBuildConfiguration;
			buildSettings = {
				ALWAYS_SEARCH_USER_PATHS = NO;
				CLANG_ANALYZER_NONNULL = YES;
				CLANG_ANALYZER_NUMBER_OBJECT_CONVERSION = YES_AGGRESSIVE;
				CLANG_CXX_LANGUAGE_STANDARD = "gnu++0x";
				CLANG_CXX_LIBRARY = "libc++";
				CLANG_ENABLE_MODULES = YES;
				CLANG_ENABLE_OBJC_ARC = YES;
				CLANG_WARN_BOOL_CONVERSION = YES;
				CLANG_WARN_CONSTANT_CONVERSION = YES;
				CLANG_WARN_DIRECT_OBJC_ISA_USAGE = YES_ERROR;
				CLANG_WARN_DOCUMENTATION_COMMENTS = YES;
				CLANG_WARN_EMPTY_BODY = YES;
				CLANG_WARN_ENUM_CONVERSION = YES;
				CLANG_WARN_INFINITE_RECURSION = YES;
				CLANG_WARN_INT_CONVERSION = YES;
				CLANG_WARN_OBJC_ROOT_CLASS = YES_ERROR;
				CLANG_WARN_SUSPICIOUS_MOVE = YES;
				CLANG_WARN_UNREACHABLE_CODE = YES;
				CLANG_WARN__DUPLICATE_METHOD_MATCH = YES;
				"CODE_SIGN_IDENTITY[sdk=iphoneos*]" = "iPhone Developer";
				COPY_PHASE_STRIP = NO;
				DEBUG_INFORMATION_FORMAT = "dwarf-with-dsym";
				ENABLE_NS_ASSERTIONS = NO;
				ENABLE_STRICT_OBJC_MSGSEND = YES;
				GCC_C_LANGUAGE_STANDARD = gnu99;
				GCC_NO_COMMON_BLOCKS = YES;
				GCC_WARN_64_TO_32_BIT_CONVERSION = YES;
				GCC_WARN_ABOUT_RETURN_TYPE = YES_ERROR;
				GCC_WARN_UNDECLARED_SELECTOR = YES;
				GCC_WARN_UNINITIALIZED_AUTOS = YES_AGGRESSIVE;
				GCC_WARN_UNUSED_FUNCTION = YES;
				GCC_WARN_UNUSED_VARIABLE = YES;
				IPHONEOS_DEPLOYMENT_TARGET = 10.3;
				MTL_ENABLE_DEBUG_INFO = NO;
				SDKROOT = iphoneos10.3;
				VALIDATE_PRODUCT = YES;
			};
			name = Release;
		};
/* End XCBuildConfiguration section */

/* Begin XCConfigurationList section */
		5AADAF601EE191A200221FAE /* Build configuration list for PBXNativeTarget "RCTAlipayAPI" */ = {
			isa = XCConfigurationList;
			buildConfigurations = (
				5AADAF611EE191A200221FAE /* Debug */,
				5AADAF621EE191A200221FAE /* Release */,
			);
			defaultConfigurationIsVisible = 0;
			defaultConfigurationName = Release;
		};
		A2506B0A1EE14D2C004B42BA /* Build configuration list for PBXProject "RCTAlipayAPI" */ = {
			isa = XCConfigurationList;
			buildConfigurations = (
				A2506B161EE14D2C004B42BA /* Debug */,
				A2506B171EE14D2C004B42BA /* Release */,
			);
			defaultConfigurationIsVisible = 0;
			defaultConfigurationName = Release;
		};
/* End XCConfigurationList section */
	};
	rootObject = A2506B071EE14D2C004B42BA /* Project object */;
}
